// !$*UTF8*$!
{
	archiveVersion = 1;
	classes = {
	};
	objectVersion = 50;
	objects = {

/* Begin PBXBuildFile section */
		850107B223915B99004F2929 /* MapRendering.swift in Sources */ = {isa = PBXBuildFile; fileRef = 850107B123915B99004F2929 /* MapRendering.swift */; };
		850385E722F48C06002259DB /* AppDelegate.swift in Sources */ = {isa = PBXBuildFile; fileRef = 850385E622F48C06002259DB /* AppDelegate.swift */; };
		850385E922F48C06002259DB /* MapRenderingViewController.swift in Sources */ = {isa = PBXBuildFile; fileRef = 850385E822F48C06002259DB /* MapRenderingViewController.swift */; };
		850385EB22F48C08002259DB /* Assets.xcassets in Resources */ = {isa = PBXBuildFile; fileRef = 850385EA22F48C08002259DB /* Assets.xcassets */; };
		850385EE22F48C08002259DB /* Main.storyboard in Resources */ = {isa = PBXBuildFile; fileRef = 850385EC22F48C08002259DB /* Main.storyboard */; };
		850385F722F49B35002259DB /* CenteringClipView.swift in Sources */ = {isa = PBXBuildFile; fileRef = 850385F622F49B35002259DB /* CenteringClipView.swift */; };
		8520C4812342B4CD00AC1CFC /* MarkersTableController.swift in Sources */ = {isa = PBXBuildFile; fileRef = 8520C4802342B4CD00AC1CFC /* MarkersTableController.swift */; };
		8526684D22FBAB31006AD48A /* MainViewController.swift in Sources */ = {isa = PBXBuildFile; fileRef = 8526684C22FBAB31006AD48A /* MainViewController.swift */; };
		8526684F22FBB1C9006AD48A /* Drawable.swift in Sources */ = {isa = PBXBuildFile; fileRef = 8526684E22FBB1C9006AD48A /* Drawable.swift */; };
		8526685122FEB8F5006AD48A /* FogOfWarImageView.swift in Sources */ = {isa = PBXBuildFile; fileRef = 8526685022FEB8F5006AD48A /* FogOfWarImageView.swift */; };
		852668532301DC2D006AD48A /* AppModel.swift in Sources */ = {isa = PBXBuildFile; fileRef = 852668522301DC2D006AD48A /* AppModel.swift */; };
		852D23A32347D18500C3A1C2 /* MarkerView.swift in Sources */ = {isa = PBXBuildFile; fileRef = 852D23A22347D18500C3A1C2 /* MarkerView.swift */; };
		852E864223428EB30042E8F1 /* MapsTableController.swift in Sources */ = {isa = PBXBuildFile; fileRef = 852E864123428EB30042E8F1 /* MapsTableController.swift */; };
		8586B5C72342A3CA003E383C /* ImportMarkerViewController.swift in Sources */ = {isa = PBXBuildFile; fileRef = 8586B5C62342A3CA003E383C /* ImportMarkerViewController.swift */; };
		8586B5CA2342AC58003E383C /* MapsModel.xcdatamodeld in Sources */ = {isa = PBXBuildFile; fileRef = 8586B5C82342AC58003E383C /* MapsModel.xcdatamodeld */; };
		85D47B3423027B09004E21A7 /* ImportMapViewController.swift in Sources */ = {isa = PBXBuildFile; fileRef = 85D47B3323027B09004E21A7 /* ImportMapViewController.swift */; };
		85E381C3234347C30001C014 /* MarkerDragDestinationView.swift in Sources */ = {isa = PBXBuildFile; fileRef = 85E381C2234347C30001C014 /* MarkerDragDestinationView.swift */; };
/* End PBXBuildFile section */

/* Begin PBXFileReference section */
		850107B123915B99004F2929 /* MapRendering.swift */ = {isa = PBXFileReference; lastKnownFileType = sourcecode.swift; path = MapRendering.swift; sourceTree = "<group>"; };
		850385E322F48C06002259DB /* MapReveal.app */ = {isa = PBXFileReference; explicitFileType = wrapper.application; includeInIndex = 0; path = MapReveal.app; sourceTree = BUILT_PRODUCTS_DIR; };
		850385E622F48C06002259DB /* AppDelegate.swift */ = {isa = PBXFileReference; lastKnownFileType = sourcecode.swift; path = AppDelegate.swift; sourceTree = "<group>"; };
		850385E822F48C06002259DB /* MapRenderingViewController.swift */ = {isa = PBXFileReference; lastKnownFileType = sourcecode.swift; path = MapRenderingViewController.swift; sourceTree = "<group>"; };
		850385EA22F48C08002259DB /* Assets.xcassets */ = {isa = PBXFileReference; lastKnownFileType = folder.assetcatalog; path = Assets.xcassets; sourceTree = "<group>"; };
		850385ED22F48C08002259DB /* Base */ = {isa = PBXFileReference; lastKnownFileType = file.storyboard; name = Base; path = Base.lproj/Main.storyboard; sourceTree = "<group>"; };
		850385EF22F48C08002259DB /* Info.plist */ = {isa = PBXFileReference; lastKnownFileType = text.plist.xml; path = Info.plist; sourceTree = "<group>"; };
		850385F022F48C08002259DB /* MapReveal.entitlements */ = {isa = PBXFileReference; lastKnownFileType = text.plist.entitlements; path = MapReveal.entitlements; sourceTree = "<group>"; };
		850385F622F49B35002259DB /* CenteringClipView.swift */ = {isa = PBXFileReference; lastKnownFileType = sourcecode.swift; path = CenteringClipView.swift; sourceTree = "<group>"; };
		8520C4802342B4CD00AC1CFC /* MarkersTableController.swift */ = {isa = PBXFileReference; lastKnownFileType = sourcecode.swift; path = MarkersTableController.swift; sourceTree = "<group>"; };
		8526684C22FBAB31006AD48A /* MainViewController.swift */ = {isa = PBXFileReference; lastKnownFileType = sourcecode.swift; path = MainViewController.swift; sourceTree = "<group>"; };
		8526684E22FBB1C9006AD48A /* Drawable.swift */ = {isa = PBXFileReference; lastKnownFileType = sourcecode.swift; path = Drawable.swift; sourceTree = "<group>"; };
		8526685022FEB8F5006AD48A /* FogOfWarImageView.swift */ = {isa = PBXFileReference; lastKnownFileType = sourcecode.swift; path = FogOfWarImageView.swift; sourceTree = "<group>"; };
		852668522301DC2D006AD48A /* AppModel.swift */ = {isa = PBXFileReference; lastKnownFileType = sourcecode.swift; path = AppModel.swift; sourceTree = "<group>"; };
		852D23A22347D18500C3A1C2 /* MarkerView.swift */ = {isa = PBXFileReference; lastKnownFileType = sourcecode.swift; path = MarkerView.swift; sourceTree = "<group>"; };
		852E864123428EB30042E8F1 /* MapsTableController.swift */ = {isa = PBXFileReference; lastKnownFileType = sourcecode.swift; path = MapsTableController.swift; sourceTree = "<group>"; };
		8586B5C62342A3CA003E383C /* ImportMarkerViewController.swift */ = {isa = PBXFileReference; lastKnownFileType = sourcecode.swift; path = ImportMarkerViewController.swift; sourceTree = "<group>"; };
		8586B5C92342AC58003E383C /* MapsModel.xcdatamodel */ = {isa = PBXFileReference; lastKnownFileType = wrapper.xcdatamodel; path = MapsModel.xcdatamodel; sourceTree = "<group>"; };
		85D47B3323027B09004E21A7 /* ImportMapViewController.swift */ = {isa = PBXFileReference; lastKnownFileType = sourcecode.swift; path = ImportMapViewController.swift; sourceTree = "<group>"; };
		85E381C2234347C30001C014 /* MarkerDragDestinationView.swift */ = {isa = PBXFileReference; lastKnownFileType = sourcecode.swift; path = MarkerDragDestinationView.swift; sourceTree = "<group>"; };
/* End PBXFileReference section */

/* Begin PBXFrameworksBuildPhase section */
		850385E022F48C06002259DB /* Frameworks */ = {
			isa = PBXFrameworksBuildPhase;
			buildActionMask = 2147483647;
			files = (
			);
			runOnlyForDeploymentPostprocessing = 0;
		};
/* End PBXFrameworksBuildPhase section */

/* Begin PBXGroup section */
		850385DA22F48C06002259DB = {
			isa = PBXGroup;
			children = (
				850385E522F48C06002259DB /* MapReveal */,
				850385E422F48C06002259DB /* Products */,
			);
			sourceTree = "<group>";
		};
		850385E422F48C06002259DB /* Products */ = {
			isa = PBXGroup;
			children = (
				850385E322F48C06002259DB /* MapReveal.app */,
			);
			name = Products;
			sourceTree = "<group>";
		};
		850385E522F48C06002259DB /* MapReveal */ = {
			isa = PBXGroup;
			children = (
				850385E622F48C06002259DB /* AppDelegate.swift */,
				852668522301DC2D006AD48A /* AppModel.swift */,
				850385EA22F48C08002259DB /* Assets.xcassets */,
				850385F622F49B35002259DB /* CenteringClipView.swift */,
				8526684E22FBB1C9006AD48A /* Drawable.swift */,
				8526685022FEB8F5006AD48A /* FogOfWarImageView.swift */,
				85D47B3323027B09004E21A7 /* ImportMapViewController.swift */,
				8586B5C62342A3CA003E383C /* ImportMarkerViewController.swift */,
				850385EF22F48C08002259DB /* Info.plist */,
				850385EC22F48C08002259DB /* Main.storyboard */,
				8526684C22FBAB31006AD48A /* MainViewController.swift */,
				850107B123915B99004F2929 /* MapRendering.swift */,
				850385E822F48C06002259DB /* MapRenderingViewController.swift */,
				850385F022F48C08002259DB /* MapReveal.entitlements */,
				8586B5C82342AC58003E383C /* MapsModel.xcdatamodeld */,
				852E864123428EB30042E8F1 /* MapsTableController.swift */,
				85E381C2234347C30001C014 /* MarkerDragDestinationView.swift */,
				8520C4802342B4CD00AC1CFC /* MarkersTableController.swift */,
				852D23A22347D18500C3A1C2 /* MarkerView.swift */,
			);
			path = MapReveal;
			sourceTree = "<group>";
		};
/* End PBXGroup section */

/* Begin PBXNativeTarget section */
		850385E222F48C06002259DB /* MapReveal */ = {
			isa = PBXNativeTarget;
			buildConfigurationList = 850385F322F48C08002259DB /* Build configuration list for PBXNativeTarget "MapReveal" */;
			buildPhases = (
				850385DF22F48C06002259DB /* Sources */,
				850385E022F48C06002259DB /* Frameworks */,
				850385E122F48C06002259DB /* Resources */,
			);
			buildRules = (
			);
			dependencies = (
			);
			name = MapReveal;
			productName = MapReveal;
			productReference = 850385E322F48C06002259DB /* MapReveal.app */;
			productType = "com.apple.product-type.application";
		};
/* End PBXNativeTarget section */

/* Begin PBXProject section */
		850385DB22F48C06002259DB /* Project object */ = {
			isa = PBXProject;
			attributes = {
				LastSwiftUpdateCheck = 1100;
				LastUpgradeCheck = 1100;
				ORGANIZATIONNAME = "Chris Brind";
				TargetAttributes = {
					850385E222F48C06002259DB = {
						CreatedOnToolsVersion = 11.0;
					};
				};
			};
			buildConfigurationList = 850385DE22F48C06002259DB /* Build configuration list for PBXProject "MapReveal" */;
			compatibilityVersion = "Xcode 9.3";
			developmentRegion = en;
			hasScannedForEncodings = 0;
			knownRegions = (
				en,
				Base,
			);
			mainGroup = 850385DA22F48C06002259DB;
			productRefGroup = 850385E422F48C06002259DB /* Products */;
			projectDirPath = "";
			projectRoot = "";
			targets = (
				850385E222F48C06002259DB /* MapReveal */,
			);
		};
/* End PBXProject section */

/* Begin PBXResourcesBuildPhase section */
		850385E122F48C06002259DB /* Resources */ = {
			isa = PBXResourcesBuildPhase;
			buildActionMask = 2147483647;
			files = (
				850385EB22F48C08002259DB /* Assets.xcassets in Resources */,
				850385EE22F48C08002259DB /* Main.storyboard in Resources */,
			);
			runOnlyForDeploymentPostprocessing = 0;
		};
/* End PBXResourcesBuildPhase section */

/* Begin PBXSourcesBuildPhase section */
		850385DF22F48C06002259DB /* Sources */ = {
			isa = PBXSourcesBuildPhase;
			buildActionMask = 2147483647;
			files = (
				8520C4812342B4CD00AC1CFC /* MarkersTableController.swift in Sources */,
				852668532301DC2D006AD48A /* AppModel.swift in Sources */,
				850385E922F48C06002259DB /* MapRenderingViewController.swift in Sources */,
				8586B5CA2342AC58003E383C /* MapsModel.xcdatamodeld in Sources */,
				85D47B3423027B09004E21A7 /* ImportMapViewController.swift in Sources */,
				8526684D22FBAB31006AD48A /* MainViewController.swift in Sources */,
				850385E722F48C06002259DB /* AppDelegate.swift in Sources */,
				850385F722F49B35002259DB /* CenteringClipView.swift in Sources */,
				852D23A32347D18500C3A1C2 /* MarkerView.swift in Sources */,
				8586B5C72342A3CA003E383C /* ImportMarkerViewController.swift in Sources */,
				8526684F22FBB1C9006AD48A /* Drawable.swift in Sources */,
				850107B223915B99004F2929 /* MapRendering.swift in Sources */,
				85E381C3234347C30001C014 /* MarkerDragDestinationView.swift in Sources */,
				8526685122FEB8F5006AD48A /* FogOfWarImageView.swift in Sources */,
				852E864223428EB30042E8F1 /* MapsTableController.swift in Sources */,
			);
			runOnlyForDeploymentPostprocessing = 0;
		};
/* End PBXSourcesBuildPhase section */

/* Begin PBXVariantGroup section */
		850385EC22F48C08002259DB /* Main.storyboard */ = {
			isa = PBXVariantGroup;
			children = (
				850385ED22F48C08002259DB /* Base */,
			);
			name = Main.storyboard;
			sourceTree = "<group>";
		};
/* End PBXVariantGroup section */

/* Begin XCBuildConfiguration section */
		850385F122F48C08002259DB /* Debug */ = {
			isa = XCBuildConfiguration;
			buildSettings = {
				ALWAYS_SEARCH_USER_PATHS = NO;
				CLANG_ANALYZER_NONNULL = YES;
				CLANG_ANALYZER_NUMBER_OBJECT_CONVERSION = YES_AGGRESSIVE;
				CLANG_CXX_LANGUAGE_STANDARD = "gnu++14";
				CLANG_CXX_LIBRARY = "libc++";
				CLANG_ENABLE_MODULES = YES;
				CLANG_ENABLE_OBJC_ARC = YES;
				CLANG_ENABLE_OBJC_WEAK = YES;
				CLANG_WARN_BLOCK_CAPTURE_AUTORELEASING = YES;
				CLANG_WARN_BOOL_CONVERSION = YES;
				CLANG_WARN_COMMA = YES;
				CLANG_WARN_CONSTANT_CONVERSION = YES;
				CLANG_WARN_DEPRECATED_OBJC_IMPLEMENTATIONS = YES;
				CLANG_WARN_DIRECT_OBJC_ISA_USAGE = YES_ERROR;
				CLANG_WARN_DOCUMENTATION_COMMENTS = YES;
				CLANG_WARN_EMPTY_BODY = YES;
				CLANG_WARN_ENUM_CONVERSION = YES;
				CLANG_WARN_INFINITE_RECURSION = YES;
				CLANG_WARN_INT_CONVERSION = YES;
				CLANG_WARN_NON_LITERAL_NULL_CONVERSION = YES;
				CLANG_WARN_OBJC_IMPLICIT_RETAIN_SELF = YES;
				CLANG_WARN_OBJC_LITERAL_CONVERSION = YES;
				CLANG_WARN_OBJC_ROOT_CLASS = YES_ERROR;
				CLANG_WARN_RANGE_LOOP_ANALYSIS = YES;
				CLANG_WARN_STRICT_PROTOTYPES = YES;
				CLANG_WARN_SUSPICIOUS_MOVE = YES;
				CLANG_WARN_UNGUARDED_AVAILABILITY = YES_AGGRESSIVE;
				CLANG_WARN_UNREACHABLE_CODE = YES;
				CLANG_WARN__DUPLICATE_METHOD_MATCH = YES;
				COPY_PHASE_STRIP = NO;
				DEBUG_INFORMATION_FORMAT = dwarf;
				ENABLE_STRICT_OBJC_MSGSEND = YES;
				ENABLE_TESTABILITY = YES;
				GCC_C_LANGUAGE_STANDARD = gnu11;
				GCC_DYNAMIC_NO_PIC = NO;
				GCC_NO_COMMON_BLOCKS = YES;
				GCC_OPTIMIZATION_LEVEL = 0;
				GCC_PREPROCESSOR_DEFINITIONS = (
					"DEBUG=1",
					"$(inherited)",
				);
				GCC_WARN_64_TO_32_BIT_CONVERSION = YES;
				GCC_WARN_ABOUT_RETURN_TYPE = YES_ERROR;
				GCC_WARN_UNDECLARED_SELECTOR = YES;
				GCC_WARN_UNINITIALIZED_AUTOS = YES_AGGRESSIVE;
				GCC_WARN_UNUSED_FUNCTION = YES;
				GCC_WARN_UNUSED_VARIABLE = YES;
				MACOSX_DEPLOYMENT_TARGET = 10.15;
				MTL_ENABLE_DEBUG_INFO = INCLUDE_SOURCE;
				MTL_FAST_MATH = YES;
				ONLY_ACTIVE_ARCH = YES;
				SDKROOT = macosx;
				SWIFT_ACTIVE_COMPILATION_CONDITIONS = DEBUG;
				SWIFT_OPTIMIZATION_LEVEL = "-Onone";
			};
			name = Debug;
		};
		850385F222F48C08002259DB /* Release */ = {
			isa = XCBuildConfiguration;
			buildSettings = {
				ALWAYS_SEARCH_USER_PATHS = NO;
				CLANG_ANALYZER_NONNULL = YES;
				CLANG_ANALYZER_NUMBER_OBJECT_CONVERSION = YES_AGGRESSIVE;
				CLANG_CXX_LANGUAGE_STANDARD = "gnu++14";
				CLANG_CXX_LIBRARY = "libc++";
				CLANG_ENABLE_MODULES = YES;
				CLANG_ENABLE_OBJC_ARC = YES;
				CLANG_ENABLE_OBJC_WEAK = YES;
				CLANG_WARN_BLOCK_CAPTURE_AUTORELEASING = YES;
				CLANG_WARN_BOOL_CONVERSION = YES;
				CLANG_WARN_COMMA = YES;
				CLANG_WARN_CONSTANT_CONVERSION = YES;
				CLANG_WARN_DEPRECATED_OBJC_IMPLEMENTATIONS = YES;
				CLANG_WARN_DIRECT_OBJC_ISA_USAGE = YES_ERROR;
				CLANG_WARN_DOCUMENTATION_COMMENTS = YES;
				CLANG_WARN_EMPTY_BODY = YES;
				CLANG_WARN_ENUM_CONVERSION = YES;
				CLANG_WARN_INFINITE_RECURSION = YES;
				CLANG_WARN_INT_CONVERSION = YES;
				CLANG_WARN_NON_LITERAL_NULL_CONVERSION = YES;
				CLANG_WARN_OBJC_IMPLICIT_RETAIN_SELF = YES;
				CLANG_WARN_OBJC_LITERAL_CONVERSION = YES;
				CLANG_WARN_OBJC_ROOT_CLASS = YES_ERROR;
				CLANG_WARN_RANGE_LOOP_ANALYSIS = YES;
				CLANG_WARN_STRICT_PROTOTYPES = YES;
				CLANG_WARN_SUSPICIOUS_MOVE = YES;
				CLANG_WARN_UNGUARDED_AVAILABILITY = YES_AGGRESSIVE;
				CLANG_WARN_UNREACHABLE_CODE = YES;
				CLANG_WARN__DUPLICATE_METHOD_MATCH = YES;
				COPY_PHASE_STRIP = NO;
				DEBUG_INFORMATION_FORMAT = "dwarf-with-dsym";
				ENABLE_NS_ASSERTIONS = NO;
				ENABLE_STRICT_OBJC_MSGSEND = YES;
				GCC_C_LANGUAGE_STANDARD = gnu11;
				GCC_NO_COMMON_BLOCKS = YES;
				GCC_WARN_64_TO_32_BIT_CONVERSION = YES;
				GCC_WARN_ABOUT_RETURN_TYPE = YES_ERROR;
				GCC_WARN_UNDECLARED_SELECTOR = YES;
				GCC_WARN_UNINITIALIZED_AUTOS = YES_AGGRESSIVE;
				GCC_WARN_UNUSED_FUNCTION = YES;
				GCC_WARN_UNUSED_VARIABLE = YES;
				MACOSX_DEPLOYMENT_TARGET = 10.15;
				MTL_ENABLE_DEBUG_INFO = NO;
				MTL_FAST_MATH = YES;
				SDKROOT = macosx;
				SWIFT_COMPILATION_MODE = wholemodule;
				SWIFT_OPTIMIZATION_LEVEL = "-O";
			};
			name = Release;
		};
		850385F422F48C08002259DB /* Debug */ = {
			isa = XCBuildConfiguration;
			buildSettings = {
				ASSETCATALOG_COMPILER_APPICON_NAME = AppIcon;
				CODE_SIGN_ENTITLEMENTS = MapReveal/MapReveal.entitlements;
				CODE_SIGN_STYLE = Automatic;
				COMBINE_HIDPI_IMAGES = YES;
				DEVELOPMENT_TEAM = EVNNUL2F2G;
				ENABLE_HARDENED_RUNTIME = YES;
				INFOPLIST_FILE = MapReveal/Info.plist;
				LD_RUNPATH_SEARCH_PATHS = (
					"$(inherited)",
					"@executable_path/../Frameworks",
				);
				MACOSX_DEPLOYMENT_TARGET = 10.14;
				PRODUCT_BUNDLE_IDENTIFIER = xyz.brindy.MapReveal;
				PRODUCT_NAME = "$(TARGET_NAME)";
				SWIFT_VERSION = 5.0;
			};
			name = Debug;
		};
		850385F522F48C08002259DB /* Release */ = {
			isa = XCBuildConfiguration;
			buildSettings = {
				ASSETCATALOG_COMPILER_APPICON_NAME = AppIcon;
				CODE_SIGN_ENTITLEMENTS = MapReveal/MapReveal.entitlements;
				CODE_SIGN_STYLE = Automatic;
				COMBINE_HIDPI_IMAGES = YES;
				DEVELOPMENT_TEAM = EVNNUL2F2G;
				ENABLE_HARDENED_RUNTIME = YES;
				INFOPLIST_FILE = MapReveal/Info.plist;
				LD_RUNPATH_SEARCH_PATHS = (
					"$(inherited)",
					"@executable_path/../Frameworks",
				);
				MACOSX_DEPLOYMENT_TARGET = 10.14;
				PRODUCT_BUNDLE_IDENTIFIER = xyz.brindy.MapReveal;
				PRODUCT_NAME = "$(TARGET_NAME)";
				SWIFT_VERSION = 5.0;
			};
			name = Release;
		};
/* End XCBuildConfiguration section */

/* Begin XCConfigurationList section */
		850385DE22F48C06002259DB /* Build configuration list for PBXProject "MapReveal" */ = {
			isa = XCConfigurationList;
			buildConfigurations = (
				850385F122F48C08002259DB /* Debug */,
				850385F222F48C08002259DB /* Release */,
			);
			defaultConfigurationIsVisible = 0;
			defaultConfigurationName = Release;
		};
		850385F322F48C08002259DB /* Build configuration list for PBXNativeTarget "MapReveal" */ = {
			isa = XCConfigurationList;
			buildConfigurations = (
				850385F422F48C08002259DB /* Debug */,
				850385F522F48C08002259DB /* Release */,
			);
			defaultConfigurationIsVisible = 0;
			defaultConfigurationName = Release;
		};
/* End XCConfigurationList section */

/* Begin XCVersionGroup section */
		8586B5C82342AC58003E383C /* MapsModel.xcdatamodeld */ = {
			isa = XCVersionGroup;
			children = (
				8586B5C92342AC58003E383C /* MapsModel.xcdatamodel */,
			);
			currentVersion = 8586B5C92342AC58003E383C /* MapsModel.xcdatamodel */;
			path = MapsModel.xcdatamodeld;
			sourceTree = "<group>";
			versionGroupType = wrapper.xcdatamodel;
		};
/* End XCVersionGroup section */
	};
	rootObject = 850385DB22F48C06002259DB /* Project object */;
}
